// !$*UTF8*$!
{
	archiveVersion = 1;
	classes = {
	};
	objectVersion = 77;
	objects = {

/* Begin PBXBuildFile section */
		E542A80B2ED4922D00C90916 /* AppAuth.framework in Frameworks */ = {isa = PBXBuildFile; fileRef = E542A8032ED4922D00C90916 /* AppAuth.framework */; };
		E542A80C2ED4922D00C90916 /* AppAuth.framework in Embed Frameworks */ = {isa = PBXBuildFile; fileRef = E542A8032ED4922D00C90916 /* AppAuth.framework */; settings = {ATTRIBUTES = (CodeSignOnCopy, RemoveHeadersOnCopy, ); }; };
		E542A81E2ED4923900C90916 /* AppAuthImpl.framework in Frameworks */ = {isa = PBXBuildFile; fileRef = E542A8162ED4923900C90916 /* AppAuthImpl.framework */; };
		E542A81F2ED4923900C90916 /* AppAuthImpl.framework in Embed Frameworks */ = {isa = PBXBuildFile; fileRef = E542A8162ED4923900C90916 /* AppAuthImpl.framework */; settings = {ATTRIBUTES = (CodeSignOnCopy, RemoveHeadersOnCopy, ); }; };
		E542A8EB2ED4952700C90916 /* AppFoundation.framework in Frameworks */ = {isa = PBXBuildFile; fileRef = E542A8EA2ED4952700C90916 /* AppFoundation.framework */; };
		E542A9772ED49BC900C90916 /* AppNetwork.framework in Frameworks */ = {isa = PBXBuildFile; fileRef = E542A9762ED49BC900C90916 /* AppNetwork.framework */; };
		E542AADF2ED5FA8600C90916 /* AppAuth.framework in Frameworks */ = {isa = PBXBuildFile; fileRef = E542A8032ED4922D00C90916 /* AppAuth.framework */; };
/* End PBXBuildFile section */

/* Begin PBXContainerItemProxy section */
		E542A8092ED4922D00C90916 /* PBXContainerItemProxy */ = {
			isa = PBXContainerItemProxy;
			containerPortal = E542A7D22ED491D800C90916 /* Project object */;
			proxyType = 1;
			remoteGlobalIDString = E542A8022ED4922D00C90916;
			remoteInfo = AppAuth;
		};
		E542A81C2ED4923900C90916 /* PBXContainerItemProxy */ = {
			isa = PBXContainerItemProxy;
			containerPortal = E542A7D22ED491D800C90916 /* Project object */;
			proxyType = 1;
			remoteGlobalIDString = E542A8152ED4923900C90916;
			remoteInfo = AppAuthImpl;
		};
		E542AAE12ED5FA8600C90916 /* PBXContainerItemProxy */ = {
			isa = PBXContainerItemProxy;
			containerPortal = E542A7D22ED491D800C90916 /* Project object */;
			proxyType = 1;
			remoteGlobalIDString = E542A8022ED4922D00C90916;
			remoteInfo = AppAuth;
		};
/* End PBXContainerItemProxy section */

/* Begin PBXCopyFilesBuildPhase section */
		E542A8102ED4922D00C90916 /* Embed Frameworks */ = {
			isa = PBXCopyFilesBuildPhase;
			buildActionMask = 2147483647;
			dstPath = "";
			dstSubfolderSpec = 10;
			files = (
				E542A81F2ED4923900C90916 /* AppAuthImpl.framework in Embed Frameworks */,
				E542A80C2ED4922D00C90916 /* AppAuth.framework in Embed Frameworks */,
			);
			name = "Embed Frameworks";
			runOnlyForDeploymentPostprocessing = 0;
		};
/* End PBXCopyFilesBuildPhase section */

/* Begin PBXFileReference section */
		E542A7DA2ED491D800C90916 /* AppFeature.app */ = {isa = PBXFileReference; explicitFileType = wrapper.application; includeInIndex = 0; path = AppFeature.app; sourceTree = BUILT_PRODUCTS_DIR; };
		E542A8032ED4922D00C90916 /* AppAuth.framework */ = {isa = PBXFileReference; explicitFileType = wrapper.framework; includeInIndex = 0; path = AppAuth.framework; sourceTree = BUILT_PRODUCTS_DIR; };
		E542A8162ED4923900C90916 /* AppAuthImpl.framework */ = {isa = PBXFileReference; explicitFileType = wrapper.framework; includeInIndex = 0; path = AppAuthImpl.framework; sourceTree = BUILT_PRODUCTS_DIR; };
		E542A8302ED4927F00C90916 /* AppEnvironment.framework */ = {isa = PBXFileReference; explicitFileType = wrapper.framework; path = AppEnvironment.framework; sourceTree = BUILT_PRODUCTS_DIR; };
		E542A8EA2ED4952700C90916 /* AppFoundation.framework */ = {isa = PBXFileReference; explicitFileType = wrapper.framework; path = AppFoundation.framework; sourceTree = BUILT_PRODUCTS_DIR; };
		E542A9762ED49BC900C90916 /* AppNetwork.framework */ = {isa = PBXFileReference; explicitFileType = wrapper.framework; path = AppNetwork.framework; sourceTree = BUILT_PRODUCTS_DIR; };
/* End PBXFileReference section */

/* Begin PBXFileSystemSynchronizedBuildFileExceptionSet section */
		E542A82D2ED4927600C90916 /* Exceptions for "AppAuth" folder in "AppAuth" target */ = {
			isa = PBXFileSystemSynchronizedBuildFileExceptionSet;
			membershipExceptions = (
				"/Localized: AppAuthImpl/Resources/Localizable.strings",
				AppAuth/Interface/AppAuthConfig.swift,
				AppAuth/Interface/AppAuthEntryModule.swift,
			);
			target = E542A8022ED4922D00C90916 /* AppAuth */;
		};
		E542A82E2ED4927600C90916 /* Exceptions for "AppAuth" folder in "AppAuthImpl" target */ = {
			isa = PBXFileSystemSynchronizedBuildFileExceptionSet;
			membershipExceptions = (
				AppAuthImpl/AppAuthEntryModuleImpl.swift,
				AppAuthImpl/Data/DataSource/AuthDataSource.swift,
				AppAuthImpl/Data/DTOs/RegisterDTO.swift,
				AppAuthImpl/Data/EndPoint/AuthEnpoints.swift,
				AppAuthImpl/DI/AuthDependencyContainer.swift,
				AppAuthImpl/DI/AuthModuleConfigurator.swift,
				AppAuthImpl/Domain/Models/RegisterModel.swift,
				AppAuthImpl/Domain/UseCases/RegisterUsecase.swift,
				AppAuthImpl/Presentation/Regster/Model/RegisterBuilder.swift,
				AppAuthImpl/Presentation/Regster/Model/RegisterFeatureModel.swift,
				AppAuthImpl/Presentation/Regster/Model/RegisterRouter.swift,
				AppAuthImpl/Presentation/Regster/View/RegisterView.swift,
				AppAuthImpl/Presentation/Regster/View/RegisterViewController.swift,
				AppAuthImpl/Presentation/Regster/ViewModel/RegisterViewModel.swift,
			);
			target = E542A8152ED4923900C90916 /* AppAuthImpl */;
		};
/* End PBXFileSystemSynchronizedBuildFileExceptionSet section */

/* Begin PBXFileSystemSynchronizedRootGroup section */
		E542A82A2ED4927600C90916 /* AppAuth */ = {
			isa = PBXFileSystemSynchronizedRootGroup;
			exceptions = (
				E542A82D2ED4927600C90916 /* Exceptions for "AppAuth" folder in "AppAuth" target */,
				E542A82E2ED4927600C90916 /* Exceptions for "AppAuth" folder in "AppAuthImpl" target */,
			);
			path = AppAuth;
			sourceTree = "<group>";
		};
/* End PBXFileSystemSynchronizedRootGroup section */

/* Begin PBXFrameworksBuildPhase section */
		E542A7D72ED491D800C90916 /* Frameworks */ = {
			isa = PBXFrameworksBuildPhase;
			buildActionMask = 2147483647;
			files = (
				E542A81E2ED4923900C90916 /* AppAuthImpl.framework in Frameworks */,
				E542A80B2ED4922D00C90916 /* AppAuth.framework in Frameworks */,
			);
			runOnlyForDeploymentPostprocessing = 0;
		};
		E542A8002ED4922D00C90916 /* Frameworks */ = {
			isa = PBXFrameworksBuildPhase;
			buildActionMask = 2147483647;
			files = (
			);
			runOnlyForDeploymentPostprocessing = 0;
		};
		E542A8132ED4923900C90916 /* Frameworks */ = {
			isa = PBXFrameworksBuildPhase;
			buildActionMask = 2147483647;
			files = (
				E542A8EB2ED4952700C90916 /* AppFoundation.framework in Frameworks */,
				E542A9772ED49BC900C90916 /* AppNetwork.framework in Frameworks */,
				E542AADF2ED5FA8600C90916 /* AppAuth.framework in Frameworks */,
			);
			runOnlyForDeploymentPostprocessing = 0;
		};
/* End PBXFrameworksBuildPhase section */

/* Begin PBXGroup section */
		E542A7D12ED491D800C90916 = {
			isa = PBXGroup;
			children = (
				E542A82A2ED4927600C90916 /* AppAuth */,
				E542A82F2ED4927F00C90916 /* Frameworks */,
				E542A7DB2ED491D800C90916 /* Products */,
			);
			sourceTree = "<group>";
		};
		E542A7DB2ED491D800C90916 /* Products */ = {
			isa = PBXGroup;
			children = (
				E542A7DA2ED491D800C90916 /* AppFeature.app */,
				E542A8032ED4922D00C90916 /* AppAuth.framework */,
				E542A8162ED4923900C90916 /* AppAuthImpl.framework */,
			);
			name = Products;
			sourceTree = "<group>";
		};
		E542A82F2ED4927F00C90916 /* Frameworks */ = {
			isa = PBXGroup;
			children = (
				E542A9762ED49BC900C90916 /* AppNetwork.framework */,
				E542A8EA2ED4952700C90916 /* AppFoundation.framework */,
				E542A8302ED4927F00C90916 /* AppEnvironment.framework */,
			);
			name = Frameworks;
			sourceTree = "<group>";
		};
/* End PBXGroup section */

/* Begin PBXHeadersBuildPhase section */
		E542A7FE2ED4922D00C90916 /* Headers */ = {
			isa = PBXHeadersBuildPhase;
			buildActionMask = 2147483647;
			files = (
			);
			runOnlyForDeploymentPostprocessing = 0;
		};
		E542A8112ED4923900C90916 /* Headers */ = {
			isa = PBXHeadersBuildPhase;
			buildActionMask = 2147483647;
			files = (
			);
			runOnlyForDeploymentPostprocessing = 0;
		};
/* End PBXHeadersBuildPhase section */

/* Begin PBXNativeTarget section */
		E542A7D92ED491D800C90916 /* AppFeature */ = {
			isa = PBXNativeTarget;
			buildConfigurationList = E542A7E62ED491D900C90916 /* Build configuration list for PBXNativeTarget "AppFeature" */;
			buildPhases = (
				E542A7D62ED491D800C90916 /* Sources */,
				E542A7D72ED491D800C90916 /* Frameworks */,
				E542A7D82ED491D800C90916 /* Resources */,
				E542A8102ED4922D00C90916 /* Embed Frameworks */,
			);
			buildRules = (
			);
			dependencies = (
				E542A80A2ED4922D00C90916 /* PBXTargetDependency */,
				E542A81D2ED4923900C90916 /* PBXTargetDependency */,
			);
			name = AppFeature;
			packageProductDependencies = (
			);
			productName = AppFeature;
			productReference = E542A7DA2ED491D800C90916 /* AppFeature.app */;
			productType = "com.apple.product-type.application";
		};
		E542A8022ED4922D00C90916 /* AppAuth */ = {
			isa = PBXNativeTarget;
			buildConfigurationList = E542A80D2ED4922D00C90916 /* Build configuration list for PBXNativeTarget "AppAuth" */;
			buildPhases = (
				E542A7FE2ED4922D00C90916 /* Headers */,
				E542A7FF2ED4922D00C90916 /* Sources */,
				E542A8002ED4922D00C90916 /* Frameworks */,
				E542A8012ED4922D00C90916 /* Resources */,
			);
			buildRules = (
			);
			dependencies = (
			);
			name = AppAuth;
			packageProductDependencies = (
			);
			productName = AppAuth;
			productReference = E542A8032ED4922D00C90916 /* AppAuth.framework */;
			productType = "com.apple.product-type.framework";
		};
		E542A8152ED4923900C90916 /* AppAuthImpl */ = {
			isa = PBXNativeTarget;
			buildConfigurationList = E542A8202ED4923900C90916 /* Build configuration list for PBXNativeTarget "AppAuthImpl" */;
			buildPhases = (
				E542A8112ED4923900C90916 /* Headers */,
				E542A8122ED4923900C90916 /* Sources */,
				E542A8132ED4923900C90916 /* Frameworks */,
				E542A8142ED4923900C90916 /* Resources */,
			);
			buildRules = (
			);
			dependencies = (
				E542AAE22ED5FA8600C90916 /* PBXTargetDependency */,
			);
			name = AppAuthImpl;
			packageProductDependencies = (
			);
			productName = AppAuthImpl;
			productReference = E542A8162ED4923900C90916 /* AppAuthImpl.framework */;
			productType = "com.apple.product-type.framework";
		};
/* End PBXNativeTarget section */

/* Begin PBXProject section */
		E542A7D22ED491D800C90916 /* Project object */ = {
			isa = PBXProject;
			attributes = {
				BuildIndependentTargetsInParallel = 1;
				LastSwiftUpdateCheck = 1640;
				LastUpgradeCheck = 1640;
				TargetAttributes = {
					E542A7D92ED491D800C90916 = {
						CreatedOnToolsVersion = 16.4;
					};
					E542A8022ED4922D00C90916 = {
						CreatedOnToolsVersion = 16.4;
					};
					E542A8152ED4923900C90916 = {
						CreatedOnToolsVersion = 16.4;
					};
				};
			};
			buildConfigurationList = E542A7D52ED491D800C90916 /* Build configuration list for PBXProject "AppFeature" */;
			developmentRegion = en;
			hasScannedForEncodings = 0;
			knownRegions = (
				en,
				Base,
				ru,
				az,
			);
			mainGroup = E542A7D12ED491D800C90916;
			minimizedProjectReferenceProxies = 1;
			preferredProjectObjectVersion = 77;
			productRefGroup = E542A7DB2ED491D800C90916 /* Products */;
			projectDirPath = "";
			projectRoot = "";
			targets = (
				E542A7D92ED491D800C90916 /* AppFeature */,
				E542A8022ED4922D00C90916 /* AppAuth */,
				E542A8152ED4923900C90916 /* AppAuthImpl */,
			);
		};
/* End PBXProject section */

/* Begin PBXResourcesBuildPhase section */
		E542A7D82ED491D800C90916 /* Resources */ = {
			isa = PBXResourcesBuildPhase;
			buildActionMask = 2147483647;
			files = (
			);
			runOnlyForDeploymentPostprocessing = 0;
		};
		E542A8012ED4922D00C90916 /* Resources */ = {
			isa = PBXResourcesBuildPhase;
			buildActionMask = 2147483647;
			files = (
			);
			runOnlyForDeploymentPostprocessing = 0;
		};
		E542A8142ED4923900C90916 /* Resources */ = {
			isa = PBXResourcesBuildPhase;
			buildActionMask = 2147483647;
			files = (
			);
			runOnlyForDeploymentPostprocessing = 0;
		};
/* End PBXResourcesBuildPhase section */

/* Begin PBXSourcesBuildPhase section */
		E542A7D62ED491D800C90916 /* Sources */ = {
			isa = PBXSourcesBuildPhase;
			buildActionMask = 2147483647;
			files = (
			);
			runOnlyForDeploymentPostprocessing = 0;
		};
		E542A7FF2ED4922D00C90916 /* Sources */ = {
			isa = PBXSourcesBuildPhase;
			buildActionMask = 2147483647;
			files = (
			);
			runOnlyForDeploymentPostprocessing = 0;
		};
		E542A8122ED4923900C90916 /* Sources */ = {
			isa = PBXSourcesBuildPhase;
			buildActionMask = 2147483647;
			files = (
			);
			runOnlyForDeploymentPostprocessing = 0;
		};
/* End PBXSourcesBuildPhase section */

/* Begin PBXTargetDependency section */
		E542A80A2ED4922D00C90916 /* PBXTargetDependency */ = {
			isa = PBXTargetDependency;
			target = E542A8022ED4922D00C90916 /* AppAuth */;
			targetProxy = E542A8092ED4922D00C90916 /* PBXContainerItemProxy */;
		};
		E542A81D2ED4923900C90916 /* PBXTargetDependency */ = {
			isa = PBXTargetDependency;
			target = E542A8152ED4923900C90916 /* AppAuthImpl */;
			targetProxy = E542A81C2ED4923900C90916 /* PBXContainerItemProxy */;
		};
		E542AAE22ED5FA8600C90916 /* PBXTargetDependency */ = {
			isa = PBXTargetDependency;
			target = E542A8022ED4922D00C90916 /* AppAuth */;
			targetProxy = E542AAE12ED5FA8600C90916 /* PBXContainerItemProxy */;
		};
/* End PBXTargetDependency section */

/* Begin XCBuildConfiguration section */
		E542A7E42ED491D900C90916 /* Debug */ = {
			isa = XCBuildConfiguration;
			buildSettings = {
				ALWAYS_SEARCH_USER_PATHS = NO;
				ASSETCATALOG_COMPILER_GENERATE_SWIFT_ASSET_SYMBOL_EXTENSIONS = YES;
				CLANG_ANALYZER_NONNULL = YES;
				CLANG_ANALYZER_NUMBER_OBJECT_CONVERSION = YES_AGGRESSIVE;
				CLANG_CXX_LANGUAGE_STANDARD = "gnu++20";
				CLANG_ENABLE_MODULES = YES;
				CLANG_ENABLE_OBJC_ARC = YES;
				CLANG_ENABLE_OBJC_WEAK = YES;
				CLANG_WARN_BLOCK_CAPTURE_AUTORELEASING = YES;
				CLANG_WARN_BOOL_CONVERSION = YES;
				CLANG_WARN_COMMA = YES;
				CLANG_WARN_CONSTANT_CONVERSION = YES;
				CLANG_WARN_DEPRECATED_OBJC_IMPLEMENTATIONS = YES;
				CLANG_WARN_DIRECT_OBJC_ISA_USAGE = YES_ERROR;
				CLANG_WARN_DOCUMENTATION_COMMENTS = YES;
				CLANG_WARN_EMPTY_BODY = YES;
				CLANG_WARN_ENUM_CONVERSION = YES;
				CLANG_WARN_INFINITE_RECURSION = YES;
				CLANG_WARN_INT_CONVERSION = YES;
				CLANG_WARN_NON_LITERAL_NULL_CONVERSION = YES;
				CLANG_WARN_OBJC_IMPLICIT_RETAIN_SELF = YES;
				CLANG_WARN_OBJC_LITERAL_CONVERSION = YES;
				CLANG_WARN_OBJC_ROOT_CLASS = YES_ERROR;
				CLANG_WARN_QUOTED_INCLUDE_IN_FRAMEWORK_HEADER = YES;
				CLANG_WARN_RANGE_LOOP_ANALYSIS = YES;
				CLANG_WARN_STRICT_PROTOTYPES = YES;
				CLANG_WARN_SUSPICIOUS_MOVE = YES;
				CLANG_WARN_UNGUARDED_AVAILABILITY = YES_AGGRESSIVE;
				CLANG_WARN_UNREACHABLE_CODE = YES;
				CLANG_WARN__DUPLICATE_METHOD_MATCH = YES;
				COPY_PHASE_STRIP = NO;
				DEBUG_INFORMATION_FORMAT = dwarf;
				ENABLE_STRICT_OBJC_MSGSEND = YES;
				ENABLE_TESTABILITY = YES;
				ENABLE_USER_SCRIPT_SANDBOXING = YES;
				GCC_C_LANGUAGE_STANDARD = gnu17;
				GCC_DYNAMIC_NO_PIC = NO;
				GCC_NO_COMMON_BLOCKS = YES;
				GCC_OPTIMIZATION_LEVEL = 0;
				GCC_PREPROCESSOR_DEFINITIONS = (
					"DEBUG=1",
					"$(inherited)",
				);
				GCC_WARN_64_TO_32_BIT_CONVERSION = YES;
				GCC_WARN_ABOUT_RETURN_TYPE = YES_ERROR;
				GCC_WARN_UNDECLARED_SELECTOR = YES;
				GCC_WARN_UNINITIALIZED_AUTOS = YES_AGGRESSIVE;
				GCC_WARN_UNUSED_FUNCTION = YES;
				GCC_WARN_UNUSED_VARIABLE = YES;
				LOCALIZATION_PREFERS_STRING_CATALOGS = YES;
				MTL_ENABLE_DEBUG_INFO = INCLUDE_SOURCE;
				MTL_FAST_MATH = YES;
				ONLY_ACTIVE_ARCH = YES;
				SWIFT_ACTIVE_COMPILATION_CONDITIONS = "DEBUG $(inherited)";
				SWIFT_OPTIMIZATION_LEVEL = "-Onone";
			};
			name = Debug;
		};
		E542A7E52ED491D900C90916 /* Release */ = {
			isa = XCBuildConfiguration;
			buildSettings = {
				ALWAYS_SEARCH_USER_PATHS = NO;
				ASSETCATALOG_COMPILER_GENERATE_SWIFT_ASSET_SYMBOL_EXTENSIONS = YES;
				CLANG_ANALYZER_NONNULL = YES;
				CLANG_ANALYZER_NUMBER_OBJECT_CONVERSION = YES_AGGRESSIVE;
				CLANG_CXX_LANGUAGE_STANDARD = "gnu++20";
				CLANG_ENABLE_MODULES = YES;
				CLANG_ENABLE_OBJC_ARC = YES;
				CLANG_ENABLE_OBJC_WEAK = YES;
				CLANG_WARN_BLOCK_CAPTURE_AUTORELEASING = YES;
				CLANG_WARN_BOOL_CONVERSION = YES;
				CLANG_WARN_COMMA = YES;
				CLANG_WARN_CONSTANT_CONVERSION = YES;
				CLANG_WARN_DEPRECATED_OBJC_IMPLEMENTATIONS = YES;
				CLANG_WARN_DIRECT_OBJC_ISA_USAGE = YES_ERROR;
				CLANG_WARN_DOCUMENTATION_COMMENTS = YES;
				CLANG_WARN_EMPTY_BODY = YES;
				CLANG_WARN_ENUM_CONVERSION = YES;
				CLANG_WARN_INFINITE_RECURSION = YES;
				CLANG_WARN_INT_CONVERSION = YES;
				CLANG_WARN_NON_LITERAL_NULL_CONVERSION = YES;
				CLANG_WARN_OBJC_IMPLICIT_RETAIN_SELF = YES;
				CLANG_WARN_OBJC_LITERAL_CONVERSION = YES;
				CLANG_WARN_OBJC_ROOT_CLASS = YES_ERROR;
				CLANG_WARN_QUOTED_INCLUDE_IN_FRAMEWORK_HEADER = YES;
				CLANG_WARN_RANGE_LOOP_ANALYSIS = YES;
				CLANG_WARN_STRICT_PROTOTYPES = YES;
				CLANG_WARN_SUSPICIOUS_MOVE = YES;
				CLANG_WARN_UNGUARDED_AVAILABILITY = YES_AGGRESSIVE;
				CLANG_WARN_UNREACHABLE_CODE = YES;
				CLANG_WARN__DUPLICATE_METHOD_MATCH = YES;
				COPY_PHASE_STRIP = NO;
				DEBUG_INFORMATION_FORMAT = "dwarf-with-dsym";
				ENABLE_NS_ASSERTIONS = NO;
				ENABLE_STRICT_OBJC_MSGSEND = YES;
				ENABLE_USER_SCRIPT_SANDBOXING = YES;
				GCC_C_LANGUAGE_STANDARD = gnu17;
				GCC_NO_COMMON_BLOCKS = YES;
				GCC_WARN_64_TO_32_BIT_CONVERSION = YES;
				GCC_WARN_ABOUT_RETURN_TYPE = YES_ERROR;
				GCC_WARN_UNDECLARED_SELECTOR = YES;
				GCC_WARN_UNINITIALIZED_AUTOS = YES_AGGRESSIVE;
				GCC_WARN_UNUSED_FUNCTION = YES;
				GCC_WARN_UNUSED_VARIABLE = YES;
				LOCALIZATION_PREFERS_STRING_CATALOGS = YES;
				MTL_ENABLE_DEBUG_INFO = NO;
				MTL_FAST_MATH = YES;
				SWIFT_COMPILATION_MODE = wholemodule;
			};
			name = Release;
		};
		E542A7E72ED491D900C90916 /* Debug */ = {
			isa = XCBuildConfiguration;
			buildSettings = {
				ASSETCATALOG_COMPILER_APPICON_NAME = AppIcon;
				ASSETCATALOG_COMPILER_GLOBAL_ACCENT_COLOR_NAME = AccentColor;
				CODE_SIGN_ENTITLEMENTS = AppFeature/AppFeature.entitlements;
				CODE_SIGN_STYLE = Automatic;
				CURRENT_PROJECT_VERSION = 1;
				ENABLE_PREVIEWS = YES;
				GENERATE_INFOPLIST_FILE = YES;
				"INFOPLIST_KEY_UIApplicationSceneManifest_Generation[sdk=iphoneos*]" = YES;
				"INFOPLIST_KEY_UIApplicationSceneManifest_Generation[sdk=iphonesimulator*]" = YES;
				"INFOPLIST_KEY_UIApplicationSupportsIndirectInputEvents[sdk=iphoneos*]" = YES;
				"INFOPLIST_KEY_UIApplicationSupportsIndirectInputEvents[sdk=iphonesimulator*]" = YES;
				"INFOPLIST_KEY_UILaunchScreen_Generation[sdk=iphoneos*]" = YES;
				"INFOPLIST_KEY_UILaunchScreen_Generation[sdk=iphonesimulator*]" = YES;
				"INFOPLIST_KEY_UIStatusBarStyle[sdk=iphoneos*]" = UIStatusBarStyleDefault;
				"INFOPLIST_KEY_UIStatusBarStyle[sdk=iphonesimulator*]" = UIStatusBarStyleDefault;
				INFOPLIST_KEY_UISupportedInterfaceOrientations_iPad = "UIInterfaceOrientationPortrait UIInterfaceOrientationPortraitUpsideDown UIInterfaceOrientationLandscapeLeft UIInterfaceOrientationLandscapeRight";
				INFOPLIST_KEY_UISupportedInterfaceOrientations_iPhone = "UIInterfaceOrientationPortrait UIInterfaceOrientationLandscapeLeft UIInterfaceOrientationLandscapeRight";
				IPHONEOS_DEPLOYMENT_TARGET = 18.5;
				LD_RUNPATH_SEARCH_PATHS = "@executable_path/Frameworks";
				"LD_RUNPATH_SEARCH_PATHS[sdk=macosx*]" = "@executable_path/../Frameworks";
				MACOSX_DEPLOYMENT_TARGET = 15.3;
				MARKETING_VERSION = 1.0;
				PRODUCT_BUNDLE_IDENTIFIER = com.Bonjur.AppFeature;
				PRODUCT_NAME = "$(TARGET_NAME)";
				REGISTER_APP_GROUPS = YES;
				SDKROOT = auto;
				SUPPORTED_PLATFORMS = "iphonesimulator iphoneos";
				SWIFT_EMIT_LOC_STRINGS = YES;
				SWIFT_VERSION = 5.0;
				TARGETED_DEVICE_FAMILY = "1,2,7";
				XROS_DEPLOYMENT_TARGET = 2.5;
			};
			name = Debug;
		};
		E542A7E82ED491D900C90916 /* Release */ = {
			isa = XCBuildConfiguration;
			buildSettings = {
				ASSETCATALOG_COMPILER_APPICON_NAME = AppIcon;
				ASSETCATALOG_COMPILER_GLOBAL_ACCENT_COLOR_NAME = AccentColor;
				CODE_SIGN_ENTITLEMENTS = AppFeature/AppFeature.entitlements;
				CODE_SIGN_STYLE = Automatic;
				CURRENT_PROJECT_VERSION = 1;
				ENABLE_PREVIEWS = YES;
				GENERATE_INFOPLIST_FILE = YES;
				"INFOPLIST_KEY_UIApplicationSceneManifest_Generation[sdk=iphoneos*]" = YES;
				"INFOPLIST_KEY_UIApplicationSceneManifest_Generation[sdk=iphonesimulator*]" = YES;
				"INFOPLIST_KEY_UIApplicationSupportsIndirectInputEvents[sdk=iphoneos*]" = YES;
				"INFOPLIST_KEY_UIApplicationSupportsIndirectInputEvents[sdk=iphonesimulator*]" = YES;
				"INFOPLIST_KEY_UILaunchScreen_Generation[sdk=iphoneos*]" = YES;
				"INFOPLIST_KEY_UILaunchScreen_Generation[sdk=iphonesimulator*]" = YES;
				"INFOPLIST_KEY_UIStatusBarStyle[sdk=iphoneos*]" = UIStatusBarStyleDefault;
				"INFOPLIST_KEY_UIStatusBarStyle[sdk=iphonesimulator*]" = UIStatusBarStyleDefault;
				INFOPLIST_KEY_UISupportedInterfaceOrientations_iPad = "UIInterfaceOrientationPortrait UIInterfaceOrientationPortraitUpsideDown UIInterfaceOrientationLandscapeLeft UIInterfaceOrientationLandscapeRight";
				INFOPLIST_KEY_UISupportedInterfaceOrientations_iPhone = "UIInterfaceOrientationPortrait UIInterfaceOrientationLandscapeLeft UIInterfaceOrientationLandscapeRight";
				IPHONEOS_DEPLOYMENT_TARGET = 18.5;
				LD_RUNPATH_SEARCH_PATHS = "@executable_path/Frameworks";
				"LD_RUNPATH_SEARCH_PATHS[sdk=macosx*]" = "@executable_path/../Frameworks";
				MACOSX_DEPLOYMENT_TARGET = 15.3;
				MARKETING_VERSION = 1.0;
				PRODUCT_BUNDLE_IDENTIFIER = com.Bonjur.AppFeature;
				PRODUCT_NAME = "$(TARGET_NAME)";
				REGISTER_APP_GROUPS = YES;
				SDKROOT = auto;
				SUPPORTED_PLATFORMS = "iphonesimulator iphoneos";
				SWIFT_EMIT_LOC_STRINGS = YES;
				SWIFT_VERSION = 5.0;
				TARGETED_DEVICE_FAMILY = "1,2,7";
				XROS_DEPLOYMENT_TARGET = 2.5;
			};
			name = Release;
		};
		E542A80E2ED4922D00C90916 /* Debug */ = {
			isa = XCBuildConfiguration;
			buildSettings = {
				BUILD_LIBRARY_FOR_DISTRIBUTION = YES;
				CODE_SIGN_STYLE = Automatic;
				CURRENT_PROJECT_VERSION = 1;
				DYLIB_COMPATIBILITY_VERSION = 1;
				DYLIB_CURRENT_VERSION = 1;
				DYLIB_INSTALL_NAME_BASE = "@rpath";
				ENABLE_MODULE_VERIFIER = YES;
				GENERATE_INFOPLIST_FILE = YES;
				INFOPLIST_KEY_NSHumanReadableCopyright = "";
				INSTALL_PATH = "$(LOCAL_LIBRARY_DIR)/Frameworks";
				IPHONEOS_DEPLOYMENT_TARGET = 18.5;
				LD_RUNPATH_SEARCH_PATHS = (
					"$(inherited)",
					"@executable_path/Frameworks",
					"@loader_path/Frameworks",
				);
				MARKETING_VERSION = 1.0;
				MODULE_VERIFIER_SUPPORTED_LANGUAGES = "objective-c objective-c++";
				MODULE_VERIFIER_SUPPORTED_LANGUAGE_STANDARDS = "gnu17 gnu++20";
				PRODUCT_BUNDLE_IDENTIFIER = com.Bonjur.AppAuth;
				PRODUCT_NAME = "$(TARGET_NAME:c99extidentifier)";
				SDKROOT = iphoneos;
				SKIP_INSTALL = YES;
				SWIFT_EMIT_LOC_STRINGS = YES;
				SWIFT_INSTALL_MODULE = YES;
				SWIFT_INSTALL_OBJC_HEADER = NO;
				SWIFT_VERSION = 5.0;
				TARGETED_DEVICE_FAMILY = "1,2";
				VERSIONING_SYSTEM = "apple-generic";
				VERSION_INFO_PREFIX = "";
			};
			name = Debug;
		};
		E542A80F2ED4922D00C90916 /* Release */ = {
			isa = XCBuildConfiguration;
			buildSettings = {
				BUILD_LIBRARY_FOR_DISTRIBUTION = YES;
				CODE_SIGN_STYLE = Automatic;
				CURRENT_PROJECT_VERSION = 1;
				DYLIB_COMPATIBILITY_VERSION = 1;
				DYLIB_CURRENT_VERSION = 1;
				DYLIB_INSTALL_NAME_BASE = "@rpath";
				ENABLE_MODULE_VERIFIER = YES;
				GENERATE_INFOPLIST_FILE = YES;
				INFOPLIST_KEY_NSHumanReadableCopyright = "";
				INSTALL_PATH = "$(LOCAL_LIBRARY_DIR)/Frameworks";
				IPHONEOS_DEPLOYMENT_TARGET = 18.5;
				LD_RUNPATH_SEARCH_PATHS = (
					"$(inherited)",
					"@executable_path/Frameworks",
					"@loader_path/Frameworks",
				);
				MARKETING_VERSION = 1.0;
				MODULE_VERIFIER_SUPPORTED_LANGUAGES = "objective-c objective-c++";
				MODULE_VERIFIER_SUPPORTED_LANGUAGE_STANDARDS = "gnu17 gnu++20";
				PRODUCT_BUNDLE_IDENTIFIER = com.Bonjur.AppAuth;
				PRODUCT_NAME = "$(TARGET_NAME:c99extidentifier)";
				SDKROOT = iphoneos;
				SKIP_INSTALL = YES;
				SWIFT_EMIT_LOC_STRINGS = YES;
				SWIFT_INSTALL_MODULE = YES;
				SWIFT_INSTALL_OBJC_HEADER = NO;
				SWIFT_VERSION = 5.0;
				TARGETED_DEVICE_FAMILY = "1,2";
				VALIDATE_PRODUCT = YES;
				VERSIONING_SYSTEM = "apple-generic";
				VERSION_INFO_PREFIX = "";
			};
			name = Release;
		};
		E542A8212ED4923900C90916 /* Debug */ = {
			isa = XCBuildConfiguration;
			buildSettings = {
				BUILD_LIBRARY_FOR_DISTRIBUTION = YES;
				CODE_SIGN_STYLE = Automatic;
				CURRENT_PROJECT_VERSION = 1;
				DYLIB_COMPATIBILITY_VERSION = 1;
				DYLIB_CURRENT_VERSION = 1;
				DYLIB_INSTALL_NAME_BASE = "@rpath";
				ENABLE_MODULE_VERIFIER = YES;
				GENERATE_INFOPLIST_FILE = YES;
				INFOPLIST_KEY_NSHumanReadableCopyright = "";
				INSTALL_PATH = "$(LOCAL_LIBRARY_DIR)/Frameworks";
				IPHONEOS_DEPLOYMENT_TARGET = 18.5;
				LD_RUNPATH_SEARCH_PATHS = (
					"$(inherited)",
					"@executable_path/Frameworks",
					"@loader_path/Frameworks",
				);
				MARKETING_VERSION = 1.0;
				MODULE_VERIFIER_SUPPORTED_LANGUAGES = "objective-c objective-c++";
				MODULE_VERIFIER_SUPPORTED_LANGUAGE_STANDARDS = "gnu17 gnu++20";
				PRODUCT_BUNDLE_IDENTIFIER = com.Bonjur.AppAuthImpl;
				PRODUCT_NAME = "$(TARGET_NAME:c99extidentifier)";
				SDKROOT = iphoneos;
				SKIP_INSTALL = YES;
				SWIFT_EMIT_LOC_STRINGS = YES;
				SWIFT_INSTALL_MODULE = YES;
				SWIFT_INSTALL_OBJC_HEADER = NO;
				SWIFT_VERSION = 5.0;
				TARGETED_DEVICE_FAMILY = "1,2";
				VERSIONING_SYSTEM = "apple-generic";
				VERSION_INFO_PREFIX = "";
			};
			name = Debug;
		};
		E542A8222ED4923900C90916 /* Release */ = {
			isa = XCBuildConfiguration;
			buildSettings = {
				BUILD_LIBRARY_FOR_DISTRIBUTION = YES;
				CODE_SIGN_STYLE = Automatic;
				CURRENT_PROJECT_VERSION = 1;
				DYLIB_COMPATIBILITY_VERSION = 1;
				DYLIB_CURRENT_VERSION = 1;
				DYLIB_INSTALL_NAME_BASE = "@rpath";
				ENABLE_MODULE_VERIFIER = YES;
				GENERATE_INFOPLIST_FILE = YES;
				INFOPLIST_KEY_NSHumanReadableCopyright = "";
				INSTALL_PATH = "$(LOCAL_LIBRARY_DIR)/Frameworks";
				IPHONEOS_DEPLOYMENT_TARGET = 18.5;
				LD_RUNPATH_SEARCH_PATHS = (
					"$(inherited)",
					"@executable_path/Frameworks",
					"@loader_path/Frameworks",
				);
				MARKETING_VERSION = 1.0;
				MODULE_VERIFIER_SUPPORTED_LANGUAGES = "objective-c objective-c++";
				MODULE_VERIFIER_SUPPORTED_LANGUAGE_STANDARDS = "gnu17 gnu++20";
				PRODUCT_BUNDLE_IDENTIFIER = com.Bonjur.AppAuthImpl;
				PRODUCT_NAME = "$(TARGET_NAME:c99extidentifier)";
				SDKROOT = iphoneos;
				SKIP_INSTALL = YES;
				SWIFT_EMIT_LOC_STRINGS = YES;
				SWIFT_INSTALL_MODULE = YES;
				SWIFT_INSTALL_OBJC_HEADER = NO;
				SWIFT_VERSION = 5.0;
				TARGETED_DEVICE_FAMILY = "1,2";
				VALIDATE_PRODUCT = YES;
				VERSIONING_SYSTEM = "apple-generic";
				VERSION_INFO_PREFIX = "";
			};
			name = Release;
		};
/* End XCBuildConfiguration section */

/* Begin XCConfigurationList section */
		E542A7D52ED491D800C90916 /* Build configuration list for PBXProject "AppFeature" */ = {
			isa = XCConfigurationList;
			buildConfigurations = (
				E542A7E42ED491D900C90916 /* Debug */,
				E542A7E52ED491D900C90916 /* Release */,
			);
			defaultConfigurationIsVisible = 0;
			defaultConfigurationName = Release;
		};
		E542A7E62ED491D900C90916 /* Build configuration list for PBXNativeTarget "AppFeature" */ = {
			isa = XCConfigurationList;
			buildConfigurations = (
				E542A7E72ED491D900C90916 /* Debug */,
				E542A7E82ED491D900C90916 /* Release */,
			);
			defaultConfigurationIsVisible = 0;
			defaultConfigurationName = Release;
		};
		E542A80D2ED4922D00C90916 /* Build configuration list for PBXNativeTarget "AppAuth" */ = {
			isa = XCConfigurationList;
			buildConfigurations = (
				E542A80E2ED4922D00C90916 /* Debug */,
				E542A80F2ED4922D00C90916 /* Release */,
			);
			defaultConfigurationIsVisible = 0;
			defaultConfigurationName = Release;
		};
		E542A8202ED4923900C90916 /* Build configuration list for PBXNativeTarget "AppAuthImpl" */ = {
			isa = XCConfigurationList;
			buildConfigurations = (
				E542A8212ED4923900C90916 /* Debug */,
				E542A8222ED4923900C90916 /* Release */,
			);
			defaultConfigurationIsVisible = 0;
			defaultConfigurationName = Release;
		};
/* End XCConfigurationList section */
	};
	rootObject = E542A7D22ED491D800C90916 /* Project object */;
}
